
Microsoft Visual Studio Solution File, Format Version 11.00
# Visual Studio 2010
Project("{FAE04EC0-301F-11D3-BF4B-00C04F79EFBC}") = "Assembly-CSharp", "Assembly-CSharp.csproj", "{8797CF35-1D1E-7803-CFA2-BD0E8B51310D}"
EndProject
Global
	GlobalSection(SolutionConfigurationPlatforms) = preSolution
		Debug|Any CPU = Debug|Any CPU
		Release|Any CPU = Release|Any CPU
	EndGlobalSection
	GlobalSection(ProjectConfigurationPlatforms) = postSolution
		{8797CF35-1D1E-7803-CFA2-BD0E8B51310D}.Debug|Any CPU.ActiveCfg = Debug|Any CPU
		{8797CF35-1D1E-7803-CFA2-BD0E8B51310D}.Debug|Any CPU.Build.0 = Debug|Any CPU
		{8797CF35-1D1E-7803-CFA2-BD0E8B51310D}.Release|Any CPU.ActiveCfg = Release|Any CPU
		{8797CF35-1D1E-7803-CFA2-BD0E8B51310D}.Release|Any CPU.Build.0 = Release|Any CPU
	EndGlobalSection
	GlobalSection(SolutionProperties) = preSolution
		HideSolutionNode = FALSE
	EndGlobalSection
EndGlobal
